{
  "version": "5",
  "specifiers": {
    "jsr:@std/assert@1.0.19": "1.0.19",
    "jsr:@std/assert@^1.0.19": "1.0.19",
    "jsr:@std/bytes@1.0.6": "1.0.6",
    "jsr:@std/bytes@^1.0.6": "1.0.6",
    "jsr:@std/cli@1.0.17": "1.0.17",
    "jsr:@std/crypto@1.1.0": "1.1.0",
    "jsr:@std/crypto@^1.1.0": "1.1.0",
    "jsr:@std/csv@1.0.6": "1.0.6",
    "jsr:@std/data-structures@^1.1.0": "1.1.0",
    "jsr:@std/fmt@1.0.10": "1.0.10",
    "jsr:@std/fs@1.0.24": "1.0.24",
    "jsr:@std/fs@^1.0.24": "1.0.24",
    "jsr:@std/internal@^1.0.12": "1.0.14",
    "jsr:@std/internal@^1.0.14": "1.0.14",
    "jsr:@std/path@1.1.5": "1.1.5",
    "jsr:@std/path@^1.1.5": "1.1.5",
    "jsr:@std/streams@1.1.1": "1.1.1",
    "jsr:@std/streams@^1.0.9": "1.1.1",
    "jsr:@std/testing@1.0.19": "1.0.19",
    "jsr:@std/uuid@1.1.1": "1.1.1",
    "jsr:@std/yaml@1.1.1": "1.1.1",
    "jsr:@stsoftware/tags@1.0.13": "1.0.13"
  },
  "jsr": {
    "@std/assert@1.0.19": {
      "integrity": "eaada96ee120cb980bc47e040f82814d786fe8162ecc53c91d8df60b8755991e",
      "dependencies": [
        "jsr:@std/internal@^1.0.12"
      ]
    },
    "@std/bytes@1.0.6": {
      "integrity": "f6ac6adbd8ccd99314045f5703e23af0a68d7f7e58364b47d2c7f408aeb5820a"
    },
    "@std/cli@1.0.17": {
      "integrity": "e15b9abe629e17be90cc6216327f03a29eae613365f1353837fa749aad29ce7b"
    },
    "@std/crypto@1.1.0": {
      "integrity": "b8d6d0a6377a32b213af2661ed7bf1062d94feac0c57def5526a8e74a95c3ec8"
    },
    "@std/csv@1.0.6": {
      "integrity": "52ef0e62799a0028d278fa04762f17f9bd263fad9a8e7f98c14fbd371d62d9fd",
      "dependencies": [
        "jsr:@std/streams@^1.0.9"
      ]
    },
    "@std/data-structures@1.1.0": {
      "integrity": "c35ae4ad5d8e41a38573c2fe3e19b18ea2505f63cfea201edcb8720aca1f7f58"
    },
    "@std/fmt@1.0.10": {
      "integrity": "90dfba288802ac6de82fb31d0917eb9e4450b9925b954d5e51fc29ac07419db5"
    },
    "@std/fs@1.0.24": {
      "integrity": "f3061b45b81673a2bece689da041df32d174be064c89eb6397fb5718d3fb7877",
      "dependencies": [
        "jsr:@std/internal@^1.0.14",
        "jsr:@std/path@^1.1.5"
      ]
    },
    "@std/internal@1.0.14": {
      "integrity": "291516b3d4c35024d6ffbc0a9df5bf4c64116e05b50012cf846710152d2ffdf7"
    },
    "@std/path@1.1.5": {
      "integrity": "ccea00982ea28c36becaf6e62f855406c76a8c32d462f66f415bbb7d83a271bc",
      "dependencies": [
        "jsr:@std/internal@^1.0.14"
      ]
    },
    "@std/streams@1.1.1": {
      "integrity": "92556d350e537e9dce527a6d08f6f15be3ff65e656079dea69d15252187c7613",
      "dependencies": [
        "jsr:@std/bytes@^1.0.6"
      ]
    },
    "@std/testing@1.0.19": {
      "integrity": "f4236172365b216728dc3cc8b5e80a9f4c33083d1e4ede7613d5b25b4014898e",
      "dependencies": [
        "jsr:@std/assert@^1.0.19",
        "jsr:@std/data-structures",
        "jsr:@std/fs@^1.0.24",
        "jsr:@std/internal@^1.0.14",
        "jsr:@std/path@^1.1.5"
      ]
    },
    "@std/uuid@1.1.1": {
      "integrity": "7b49060282d90f72fec64952f8c7a2914cbe6fdba3eca665f8cedc90830154a7",
      "dependencies": [
        "jsr:@std/bytes@^1.0.6",
        "jsr:@std/crypto@^1.1.0"
      ]
    },
    "@std/yaml@1.1.1": {
      "integrity": "a57665ecf3d17b926380593a56625d8a10cc7281802f1e993b5ebc94a48e71f8"
    },
    "@stsoftware/tags@1.0.13": {
      "integrity": "c5ee40f804d08ed7308c373bab07c0bd96cf1a470db6d977e056a6c206a2a5a2",
      "dependencies": [
        "jsr:@std/cli"
      ]
    }
  },
  "workspace": {
    "dependencies": [
      "jsr:@std/assert@1.0.19",
      "jsr:@std/bytes@1.0.6",
      "jsr:@std/crypto@1.1.0",
      "jsr:@std/csv@1.0.6",
      "jsr:@std/fmt@1.0.10",
      "jsr:@std/fs@1.0.24",
      "jsr:@std/path@1.1.5",
      "jsr:@std/streams@1.1.1",
      "jsr:@std/testing@1.0.19",
      "jsr:@std/uuid@1.1.1",
      "jsr:@std/yaml@1.1.1",
      "jsr:@stsoftware/tags@1.0.13"
    ]
  }
}
